{
  "name": "advent-of-code-node",
  "version": "1.0.0",
  "lockfileVersion": 3,
  "requires": true,
  "packages": {
    "": {
      "name": "advent-of-code-node",
      "version": "1.0.0",
      "license": "ISC",
      "dependencies": {
        "array-to-image": "^1.0.0"
      }
    },
    "node_modules/array-to-image": {
      "version": "1.0.0",
      "resolved": "https://registry.npmjs.org/array-to-image/-/array-to-image-1.0.0.tgz",
      "integrity": "sha512-5usJl/gfJ0I7F1ktIaz/wVjmWBCJ78Z4NjC6cekqrytL0+inIrzQQqTtoyIdJW0Ii8xJxQ6DGnhaGALatl6bBw==",
      "license": "MIT"
    }
  }
}
